
Microsoft Visual Studio Solution File, Format Version 12.00
# Visual Studio Version 17
VisualStudioVersion = 17.0.31903.59
MinimumVisualStudioVersion = 10.0.40219.1
Project("{FAE04EC0-301F-11D3-BF4B-00C04F79EFBC}") = "RiverBooks.Web", "RiverBooks.Web\RiverBooks.Web.csproj", "{8AA816B7-0724-4633-A668-FAECF3E02F02}"
EndProject
Project("{FAE04EC0-301F-11D3-BF4B-00C04F79EFBC}") = "RiverBooks.Books", "RiverBooks.Books\RiverBooks.Books.csproj", "{5DF287FB-8CB5-4750-92AC-0374F7D8AEF8}"
EndProject
Project("{2150E333-8FDC-42A3-9474-1A3956D46DE8}") = "_Solution Items", "_Solution Items", "{F7CBEC56-21D5-40C6-9082-EB15A925ABFE}"
	ProjectSection(SolutionItems) = preProject
		.editorconfig = .editorconfig
		Directory.Build.props = Directory.Build.props
		..\README.md = ..\README.md
	EndProjectSection
EndProject
Project("{FAE04EC0-301F-11D3-BF4B-00C04F79EFBC}") = "RiverBooks.Books.Tests", "RiverBooks.Books.Tests\RiverBooks.Books.Tests.csproj", "{7DE7BA10-C5CD-4050-B608-94C84D35E2B4}"
EndProject
Project("{2150E333-8FDC-42A3-9474-1A3956D46DE8}") = "Books Module", "Books Module", "{3088F0C6-5C2B-4C40-8E86-62323FBBA355}"
EndProject
Project("{2150E333-8FDC-42A3-9474-1A3956D46DE8}") = "Users Module", "Users Module", "{96D95416-D319-40B4-A29A-84593B0ED4CC}"
EndProject
Project("{FAE04EC0-301F-11D3-BF4B-00C04F79EFBC}") = "RiverBooks.Users", "RiverBooks.Users\RiverBooks.Users.csproj", "{C08E9039-910C-4130-BBF3-C15F6C99D594}"
EndProject
Project("{FAE04EC0-301F-11D3-BF4B-00C04F79EFBC}") = "RiverBooks.Books.Contracts", "RiverBooks.Books.Contracts\RiverBooks.Books.Contracts.csproj", "{EDE93B26-9B43-4E05-98FC-4B62E6D4FD7B}"
EndProject
Project("{2150E333-8FDC-42A3-9474-1A3956D46DE8}") = "OrderProcessing Module", "OrderProcessing Module", "{8ACED6E0-B1BD-4C47-B2B2-C9B0BB0B11C9}"
EndProject
Project("{FAE04EC0-301F-11D3-BF4B-00C04F79EFBC}") = "RiverBooks.OrderProcessing", "RiverBooks.OrderProcessing\RiverBooks.OrderProcessing.csproj", "{576A9AB6-2497-48B8-80F7-7A8EFC953754}"
EndProject
Project("{FAE04EC0-301F-11D3-BF4B-00C04F79EFBC}") = "RiverBooks.OrderProcessing.Contracts", "RiverBooks.OrderProcessing.Contracts\RiverBooks.OrderProcessing.Contracts.csproj", "{79952F8B-3890-44CF-BEEA-BCC24FA6CA16}"
EndProject
Global
	GlobalSection(SolutionConfigurationPlatforms) = preSolution
		Debug|Any CPU = Debug|Any CPU
		Debug|x64 = Debug|x64
		Debug|x86 = Debug|x86
		Release|Any CPU = Release|Any CPU
		Release|x64 = Release|x64
		Release|x86 = Release|x86
	EndGlobalSection
	GlobalSection(ProjectConfigurationPlatforms) = postSolution
		{8AA816B7-0724-4633-A668-FAECF3E02F02}.Debug|Any CPU.ActiveCfg = Debug|Any CPU
		{8AA816B7-0724-4633-A668-FAECF3E02F02}.Debug|Any CPU.Build.0 = Debug|Any CPU
		{8AA816B7-0724-4633-A668-FAECF3E02F02}.Debug|x64.ActiveCfg = Debug|Any CPU
		{8AA816B7-0724-4633-A668-FAECF3E02F02}.Debug|x64.Build.0 = Debug|Any CPU
		{8AA816B7-0724-4633-A668-FAECF3E02F02}.Debug|x86.ActiveCfg = Debug|Any CPU
		{8AA816B7-0724-4633-A668-FAECF3E02F02}.Debug|x86.Build.0 = Debug|Any CPU
		{8AA816B7-0724-4633-A668-FAECF3E02F02}.Release|Any CPU.ActiveCfg = Release|Any CPU
		{8AA816B7-0724-4633-A668-FAECF3E02F02}.Release|Any CPU.Build.0 = Release|Any CPU
		{8AA816B7-0724-4633-A668-FAECF3E02F02}.Release|x64.ActiveCfg = Release|Any CPU
		{8AA816B7-0724-4633-A668-FAECF3E02F02}.Release|x64.Build.0 = Release|Any CPU
		{8AA816B7-0724-4633-A668-FAECF3E02F02}.Release|x86.ActiveCfg = Release|Any CPU
		{8AA816B7-0724-4633-A668-FAECF3E02F02}.Release|x86.Build.0 = Release|Any CPU
		{5DF287FB-8CB5-4750-92AC-0374F7D8AEF8}.Debug|Any CPU.ActiveCfg = Debug|Any CPU
		{5DF287FB-8CB5-4750-92AC-0374F7D8AEF8}.Debug|Any CPU.Build.0 = Debug|Any CPU
		{5DF287FB-8CB5-4750-92AC-0374F7D8AEF8}.Debug|x64.ActiveCfg = Debug|Any CPU
		{5DF287FB-8CB5-4750-92AC-0374F7D8AEF8}.Debug|x64.Build.0 = Debug|Any CPU
		{5DF287FB-8CB5-4750-92AC-0374F7D8AEF8}.Debug|x86.ActiveCfg = Debug|Any CPU
		{5DF287FB-8CB5-4750-92AC-0374F7D8AEF8}.Debug|x86.Build.0 = Debug|Any CPU
		{5DF287FB-8CB5-4750-92AC-0374F7D8AEF8}.Release|Any CPU.ActiveCfg = Release|Any CPU
		{5DF287FB-8CB5-4750-92AC-0374F7D8AEF8}.Release|Any CPU.Build.0 = Release|Any CPU
		{5DF287FB-8CB5-4750-92AC-0374F7D8AEF8}.Release|x64.ActiveCfg = Release|Any CPU
		{5DF287FB-8CB5-4750-92AC-0374F7D8AEF8}.Release|x64.Build.0 = Release|Any CPU
		{5DF287FB-8CB5-4750-92AC-0374F7D8AEF8}.Release|x86.ActiveCfg = Release|Any CPU
		{5DF287FB-8CB5-4750-92AC-0374F7D8AEF8}.Release|x86.Build.0 = Release|Any CPU
		{7DE7BA10-C5CD-4050-B608-94C84D35E2B4}.Debug|Any CPU.ActiveCfg = Debug|Any CPU
		{7DE7BA10-C5CD-4050-B608-94C84D35E2B4}.Debug|Any CPU.Build.0 = Debug|Any CPU
		{7DE7BA10-C5CD-4050-B608-94C84D35E2B4}.Debug|x64.ActiveCfg = Debug|Any CPU
		{7DE7BA10-C5CD-4050-B608-94C84D35E2B4}.Debug|x64.Build.0 = Debug|Any CPU
		{7DE7BA10-C5CD-4050-B608-94C84D35E2B4}.Debug|x86.ActiveCfg = Debug|Any CPU
		{7DE7BA10-C5CD-4050-B608-94C84D35E2B4}.Debug|x86.Build.0 = Debug|Any CPU
		{7DE7BA10-C5CD-4050-B608-94C84D35E2B4}.Release|Any CPU.ActiveCfg = Release|Any CPU
		{7DE7BA10-C5CD-4050-B608-94C84D35E2B4}.Release|Any CPU.Build.0 = Release|Any CPU
		{7DE7BA10-C5CD-4050-B608-94C84D35E2B4}.Release|x64.ActiveCfg = Release|Any CPU
		{7DE7BA10-C5CD-4050-B608-94C84D35E2B4}.Release|x64.Build.0 = Release|Any CPU
		{7DE7BA10-C5CD-4050-B608-94C84D35E2B4}.Release|x86.ActiveCfg = Release|Any CPU
		{7DE7BA10-C5CD-4050-B608-94C84D35E2B4}.Release|x86.Build.0 = Release|Any CPU
		{C08E9039-910C-4130-BBF3-C15F6C99D594}.Debug|Any CPU.ActiveCfg = Debug|Any CPU
		{C08E9039-910C-4130-BBF3-C15F6C99D594}.Debug|Any CPU.Build.0 = Debug|Any CPU
		{C08E9039-910C-4130-BBF3-C15F6C99D594}.Debug|x64.ActiveCfg = Debug|Any CPU
		{C08E9039-910C-4130-BBF3-C15F6C99D594}.Debug|x64.Build.0 = Debug|Any CPU
		{C08E9039-910C-4130-BBF3-C15F6C99D594}.Debug|x86.ActiveCfg = Debug|Any CPU
		{C08E9039-910C-4130-BBF3-C15F6C99D594}.Debug|x86.Build.0 = Debug|Any CPU
		{C08E9039-910C-4130-BBF3-C15F6C99D594}.Release|Any CPU.ActiveCfg = Release|Any CPU
		{C08E9039-910C-4130-BBF3-C15F6C99D594}.Release|Any CPU.Build.0 = Release|Any CPU
		{C08E9039-910C-4130-BBF3-C15F6C99D594}.Release|x64.ActiveCfg = Release|Any CPU
		{C08E9039-910C-4130-BBF3-C15F6C99D594}.Release|x64.Build.0 = Release|Any CPU
		{C08E9039-910C-4130-BBF3-C15F6C99D594}.Release|x86.ActiveCfg = Release|Any CPU
		{C08E9039-910C-4130-BBF3-C15F6C99D594}.Release|x86.Build.0 = Release|Any CPU
		{EDE93B26-9B43-4E05-98FC-4B62E6D4FD7B}.Debug|Any CPU.ActiveCfg = Debug|Any CPU
		{EDE93B26-9B43-4E05-98FC-4B62E6D4FD7B}.Debug|Any CPU.Build.0 = Debug|Any CPU
		{EDE93B26-9B43-4E05-98FC-4B62E6D4FD7B}.Debug|x64.ActiveCfg = Debug|Any CPU
		{EDE93B26-9B43-4E05-98FC-4B62E6D4FD7B}.Debug|x64.Build.0 = Debug|Any CPU
		{EDE93B26-9B43-4E05-98FC-4B62E6D4FD7B}.Debug|x86.ActiveCfg = Debug|Any CPU
		{EDE93B26-9B43-4E05-98FC-4B62E6D4FD7B}.Debug|x86.Build.0 = Debug|Any CPU
		{EDE93B26-9B43-4E05-98FC-4B62E6D4FD7B}.Release|Any CPU.ActiveCfg = Release|Any CPU
		{EDE93B26-9B43-4E05-98FC-4B62E6D4FD7B}.Release|Any CPU.Build.0 = Release|Any CPU
		{EDE93B26-9B43-4E05-98FC-4B62E6D4FD7B}.Release|x64.ActiveCfg = Release|Any CPU
		{EDE93B26-9B43-4E05-98FC-4B62E6D4FD7B}.Release|x64.Build.0 = Release|Any CPU
		{EDE93B26-9B43-4E05-98FC-4B62E6D4FD7B}.Release|x86.ActiveCfg = Release|Any CPU
		{EDE93B26-9B43-4E05-98FC-4B62E6D4FD7B}.Release|x86.Build.0 = Release|Any CPU
		{576A9AB6-2497-48B8-80F7-7A8EFC953754}.Debug|Any CPU.ActiveCfg = Debug|Any CPU
		{576A9AB6-2497-48B8-80F7-7A8EFC953754}.Debug|Any CPU.Build.0 = Debug|Any CPU
		{576A9AB6-2497-48B8-80F7-7A8EFC953754}.Debug|x64.ActiveCfg = Debug|Any CPU
		{576A9AB6-2497-48B8-80F7-7A8EFC953754}.Debug|x64.Build.0 = Debug|Any CPU
		{576A9AB6-2497-48B8-80F7-7A8EFC953754}.Debug|x86.ActiveCfg = Debug|Any CPU
		{576A9AB6-2497-48B8-80F7-7A8EFC953754}.Debug|x86.Build.0 = Debug|Any CPU
		{576A9AB6-2497-48B8-80F7-7A8EFC953754}.Release|Any CPU.ActiveCfg = Release|Any CPU
		{576A9AB6-2497-48B8-80F7-7A8EFC953754}.Release|Any CPU.Build.0 = Release|Any CPU
		{576A9AB6-2497-48B8-80F7-7A8EFC953754}.Release|x64.ActiveCfg = Release|Any CPU
		{576A9AB6-2497-48B8-80F7-7A8EFC953754}.Release|x64.Build.0 = Release|Any CPU
		{576A9AB6-2497-48B8-80F7-7A8EFC953754}.Release|x86.ActiveCfg = Release|Any CPU
		{576A9AB6-2497-48B8-80F7-7A8EFC953754}.Release|x86.Build.0 = Release|Any CPU
		{79952F8B-3890-44CF-BEEA-BCC24FA6CA16}.Debug|Any CPU.ActiveCfg = Debug|Any CPU
		{79952F8B-3890-44CF-BEEA-BCC24FA6CA16}.Debug|Any CPU.Build.0 = Debug|Any CPU
		{79952F8B-3890-44CF-BEEA-BCC24FA6CA16}.Debug|x64.ActiveCfg = Debug|Any CPU
		{79952F8B-3890-44CF-BEEA-BCC24FA6CA16}.Debug|x64.Build.0 = Debug|Any CPU
		{79952F8B-3890-44CF-BEEA-BCC24FA6CA16}.Debug|x86.ActiveCfg = Debug|Any CPU
		{79952F8B-3890-44CF-BEEA-BCC24FA6CA16}.Debug|x86.Build.0 = Debug|Any CPU
		{79952F8B-3890-44CF-BEEA-BCC24FA6CA16}.Release|Any CPU.ActiveCfg = Release|Any CPU
		{79952F8B-3890-44CF-BEEA-BCC24FA6CA16}.Release|Any CPU.Build.0 = Release|Any CPU
		{79952F8B-3890-44CF-BEEA-BCC24FA6CA16}.Release|x64.ActiveCfg = Release|Any CPU
		{79952F8B-3890-44CF-BEEA-BCC24FA6CA16}.Release|x64.Build.0 = Release|Any CPU
		{79952F8B-3890-44CF-BEEA-BCC24FA6CA16}.Release|x86.ActiveCfg = Release|Any CPU
		{79952F8B-3890-44CF-BEEA-BCC24FA6CA16}.Release|x86.Build.0 = Release|Any CPU
	EndGlobalSection
	GlobalSection(SolutionProperties) = preSolution
		HideSolutionNode = FALSE
	EndGlobalSection
	GlobalSection(NestedProjects) = preSolution
		{5DF287FB-8CB5-4750-92AC-0374F7D8AEF8} = {3088F0C6-5C2B-4C40-8E86-62323FBBA355}
		{7DE7BA10-C5CD-4050-B608-94C84D35E2B4} = {3088F0C6-5C2B-4C40-8E86-62323FBBA355}
		{C08E9039-910C-4130-BBF3-C15F6C99D594} = {96D95416-D319-40B4-A29A-84593B0ED4CC}
		{EDE93B26-9B43-4E05-98FC-4B62E6D4FD7B} = {3088F0C6-5C2B-4C40-8E86-62323FBBA355}
		{576A9AB6-2497-48B8-80F7-7A8EFC953754} = {8ACED6E0-B1BD-4C47-B2B2-C9B0BB0B11C9}
		{79952F8B-3890-44CF-BEEA-BCC24FA6CA16} = {8ACED6E0-B1BD-4C47-B2B2-C9B0BB0B11C9}
	EndGlobalSection
EndGlobal
